// !$*UTF8*$!
{
	archiveVersion = 1;
	classes = {
	};
	objectVersion = 50;
	objects = {

/* Begin PBXBuildFile section */
		D00DA5DD2060350800FB04F1 /* AppDelegate.swift in Sources */ = {isa = PBXBuildFile; fileRef = D00DA5DC2060350800FB04F1 /* AppDelegate.swift */; };
		D00DA5DF2060350800FB04F1 /* ViewController.swift in Sources */ = {isa = PBXBuildFile; fileRef = D00DA5DE2060350800FB04F1 /* ViewController.swift */; };
		D00DA5E22060350800FB04F1 /* Main.storyboard in Resources */ = {isa = PBXBuildFile; fileRef = D00DA5E02060350800FB04F1 /* Main.storyboard */; };
		D00DA5E42060350A00FB04F1 /* Assets.xcassets in Resources */ = {isa = PBXBuildFile; fileRef = D00DA5E32060350A00FB04F1 /* Assets.xcassets */; };
		D00DA5E72060350A00FB04F1 /* LaunchScreen.storyboard in Resources */ = {isa = PBXBuildFile; fileRef = D00DA5E52060350A00FB04F1 /* LaunchScreen.storyboard */; };
		D00DA5FE2060352B00FB04F1 /* libsybdb.a in Frameworks */ = {isa = PBXBuildFile; fileRef = D00DA5FA2060352B00FB04F1 /* libsybdb.a */; };
		D00DA5FF2060352B00FB04F1 /* SQLClient.m in Sources */ = {isa = PBXBuildFile; fileRef = D00DA5FB2060352B00FB04F1 /* SQLClient.m */; };
/* End PBXBuildFile section */

/* Begin PBXFileReference section */
		D00DA5D92060350800FB04F1 /* SQLTestApp.app */ = {isa = PBXFileReference; explicitFileType = wrapper.application; includeInIndex = 0; path = SQLTestApp.app; sourceTree = BUILT_PRODUCTS_DIR; };
		D00DA5DC2060350800FB04F1 /* AppDelegate.swift */ = {isa = PBXFileReference; lastKnownFileType = sourcecode.swift; path = AppDelegate.swift; sourceTree = "<group>"; };
		D00DA5DE2060350800FB04F1 /* ViewController.swift */ = {isa = PBXFileReference; lastKnownFileType = sourcecode.swift; path = ViewController.swift; sourceTree = "<group>"; };
		D00DA5E12060350800FB04F1 /* Base */ = {isa = PBXFileReference; lastKnownFileType = file.storyboard; name = Base; path = Base.lproj/Main.storyboard; sourceTree = "<group>"; };
		D00DA5E32060350A00FB04F1 /* Assets.xcassets */ = {isa = PBXFileReference; lastKnownFileType = folder.assetcatalog; path = Assets.xcassets; sourceTree = "<group>"; };
		D00DA5E62060350A00FB04F1 /* Base */ = {isa = PBXFileReference; lastKnownFileType = file.storyboard; name = Base; path = Base.lproj/LaunchScreen.storyboard; sourceTree = "<group>"; };
		D00DA5E82060350A00FB04F1 /* Info.plist */ = {isa = PBXFileReference; lastKnownFileType = text.plist.xml; path = Info.plist; sourceTree = "<group>"; };
		D00DA5EF2060352900FB04F1 /* SQLTestApp-Bridging-Header.h */ = {isa = PBXFileReference; lastKnownFileType = sourcecode.c.h; path = "SQLTestApp-Bridging-Header.h"; sourceTree = "<group>"; };
		D00DA5F02060352A00FB04F1 /* cspublic.h */ = {isa = PBXFileReference; fileEncoding = 4; lastKnownFileType = sourcecode.c.h; path = cspublic.h; sourceTree = "<group>"; };
		D00DA5F12060352A00FB04F1 /* sqlfront.h */ = {isa = PBXFileReference; fileEncoding = 4; lastKnownFileType = sourcecode.c.h; path = sqlfront.h; sourceTree = "<group>"; };
		D00DA5F22060352A00FB04F1 /* sybdb.h */ = {isa = PBXFileReference; fileEncoding = 4; lastKnownFileType = sourcecode.c.h; path = sybdb.h; sourceTree = "<group>"; };
		D00DA5F32060352A00FB04F1 /* syberror.h */ = {isa = PBXFileReference; fileEncoding = 4; lastKnownFileType = sourcecode.c.h; path = syberror.h; sourceTree = "<group>"; };
		D00DA5F42060352A00FB04F1 /* sybfront.h */ = {isa = PBXFileReference; fileEncoding = 4; lastKnownFileType = sourcecode.c.h; path = sybfront.h; sourceTree = "<group>"; };
		D00DA5F52060352A00FB04F1 /* cstypes.h */ = {isa = PBXFileReference; fileEncoding = 4; lastKnownFileType = sourcecode.c.h; path = cstypes.h; sourceTree = "<group>"; };
		D00DA5F62060352A00FB04F1 /* odbcss.h */ = {isa = PBXFileReference; fileEncoding = 4; lastKnownFileType = sourcecode.c.h; path = odbcss.h; sourceTree = "<group>"; };
		D00DA5F72060352A00FB04F1 /* bkpublic.h */ = {isa = PBXFileReference; fileEncoding = 4; lastKnownFileType = sourcecode.c.h; path = bkpublic.h; sourceTree = "<group>"; };
		D00DA5F82060352A00FB04F1 /* sqldb.h */ = {isa = PBXFileReference; fileEncoding = 4; lastKnownFileType = sourcecode.c.h; path = sqldb.h; sourceTree = "<group>"; };
		D00DA5F92060352A00FB04F1 /* ctpublic.h */ = {isa = PBXFileReference; fileEncoding = 4; lastKnownFileType = sourcecode.c.h; path = ctpublic.h; sourceTree = "<group>"; };
		D00DA5FA2060352B00FB04F1 /* libsybdb.a */ = {isa = PBXFileReference; lastKnownFileType = archive.ar; path = libsybdb.a; sourceTree = "<group>"; };
		D00DA5FB2060352B00FB04F1 /* SQLClient.m */ = {isa = PBXFileReference; fileEncoding = 4; lastKnownFileType = sourcecode.c.objc; path = SQLClient.m; sourceTree = "<group>"; };
		D00DA5FC2060352B00FB04F1 /* tds_sysdep_public.h */ = {isa = PBXFileReference; fileEncoding = 4; lastKnownFileType = sourcecode.c.h; path = tds_sysdep_public.h; sourceTree = "<group>"; };
		D00DA5FD2060352B00FB04F1 /* SQLClient.h */ = {isa = PBXFileReference; fileEncoding = 4; lastKnownFileType = sourcecode.c.h; path = SQLClient.h; sourceTree = "<group>"; };
/* End PBXFileReference section */

/* Begin PBXFrameworksBuildPhase section */
		D00DA5D62060350800FB04F1 /* Frameworks */ = {
			isa = PBXFrameworksBuildPhase;
			buildActionMask = 2147483647;
			files = (
				D00DA5FE2060352B00FB04F1 /* libsybdb.a in Frameworks */,
			);
			runOnlyForDeploymentPostprocessing = 0;
		};
/* End PBXFrameworksBuildPhase section */

/* Begin PBXGroup section */
		D00DA5D02060350800FB04F1 = {
			isa = PBXGroup;
			children = (
				D00DA5DB2060350800FB04F1 /* SQLTestApp */,
				D00DA5DA2060350800FB04F1 /* Products */,
			);
			sourceTree = "<group>";
		};
		D00DA5DA2060350800FB04F1 /* Products */ = {
			isa = PBXGroup;
			children = (
				D00DA5D92060350800FB04F1 /* SQLTestApp.app */,
			);
			name = Products;
			sourceTree = "<group>";
		};
		D00DA5DB2060350800FB04F1 /* SQLTestApp */ = {
			isa = PBXGroup;
			children = (
				D00DA5EE2060351200FB04F1 /* SQLClient */,
				D00DA5DC2060350800FB04F1 /* AppDelegate.swift */,
				D00DA5DE2060350800FB04F1 /* ViewController.swift */,
				D00DA5E02060350800FB04F1 /* Main.storyboard */,
				D00DA5E32060350A00FB04F1 /* Assets.xcassets */,
				D00DA5E52060350A00FB04F1 /* LaunchScreen.storyboard */,
				D00DA5E82060350A00FB04F1 /* Info.plist */,
			);
			path = SQLTestApp;
			sourceTree = "<group>";
		};
		D00DA5EE2060351200FB04F1 /* SQLClient */ = {
			isa = PBXGroup;
			children = (
				D00DA5F72060352A00FB04F1 /* bkpublic.h */,
				D00DA5F02060352A00FB04F1 /* cspublic.h */,
				D00DA5F52060352A00FB04F1 /* cstypes.h */,
				D00DA5F92060352A00FB04F1 /* ctpublic.h */,
				D00DA5FA2060352B00FB04F1 /* libsybdb.a */,
				D00DA5F62060352A00FB04F1 /* odbcss.h */,
				D00DA5FD2060352B00FB04F1 /* SQLClient.h */,
				D00DA5FB2060352B00FB04F1 /* SQLClient.m */,
				D00DA5F82060352A00FB04F1 /* sqldb.h */,
				D00DA5F12060352A00FB04F1 /* sqlfront.h */,
				D00DA5F22060352A00FB04F1 /* sybdb.h */,
				D00DA5F32060352A00FB04F1 /* syberror.h */,
				D00DA5F42060352A00FB04F1 /* sybfront.h */,
				D00DA5FC2060352B00FB04F1 /* tds_sysdep_public.h */,
				D00DA5EF2060352900FB04F1 /* SQLTestApp-Bridging-Header.h */,
			);
			path = SQLClient;
			sourceTree = "<group>";
		};
/* End PBXGroup section */

/* Begin PBXNativeTarget section */
		D00DA5D82060350800FB04F1 /* SQLTestApp */ = {
			isa = PBXNativeTarget;
			buildConfigurationList = D00DA5EB2060350A00FB04F1 /* Build configuration list for PBXNativeTarget "SQLTestApp" */;
			buildPhases = (
				D00DA5D52060350800FB04F1 /* Sources */,
				D00DA5D62060350800FB04F1 /* Frameworks */,
				D00DA5D72060350800FB04F1 /* Resources */,
			);
			buildRules = (
			);
			dependencies = (
			);
			name = SQLTestApp;
			productName = SQLTestApp;
			productReference = D00DA5D92060350800FB04F1 /* SQLTestApp.app */;
			productType = "com.apple.product-type.application";
		};
/* End PBXNativeTarget section */

/* Begin PBXProject section */
		D00DA5D12060350800FB04F1 /* Project object */ = {
			isa = PBXProject;
			attributes = {
				LastSwiftUpdateCheck = 0930;
				LastUpgradeCheck = 0930;
				ORGANIZATIONNAME = "Pascal Friedrich";
				TargetAttributes = {
					D00DA5D82060350800FB04F1 = {
						CreatedOnToolsVersion = 9.3;
						LastSwiftMigration = 0930;
					};
				};
			};
			buildConfigurationList = D00DA5D42060350800FB04F1 /* Build configuration list for PBXProject "SQLTestApp" */;
			compatibilityVersion = "Xcode 9.3";
			developmentRegion = en;
			hasScannedForEncodings = 0;
			knownRegions = (
				en,
				Base,
			);
			mainGroup = D00DA5D02060350800FB04F1;
			productRefGroup = D00DA5DA2060350800FB04F1 /* Products */;
			projectDirPath = "";
			projectRoot = "";
			targets = (
				D00DA5D82060350800FB04F1 /* SQLTestApp */,
			);
		};
/* End PBXProject section */

/* Begin PBXResourcesBuildPhase section */
		D00DA5D72060350800FB04F1 /* Resources */ = {
			isa = PBXResourcesBuildPhase;
			buildActionMask = 2147483647;
			files = (
				D00DA5E72060350A00FB04F1 /* LaunchScreen.storyboard in Resources */,
				D00DA5E42060350A00FB04F1 /* Assets.xcassets in Resources */,
				D00DA5E22060350800FB04F1 /* Main.storyboard in Resources */,
			);
			runOnlyForDeploymentPostprocessing = 0;
		};
/* End PBXResourcesBuildPhase section */

/* Begin PBXSourcesBuildPhase section */
		D00DA5D52060350800FB04F1 /* Sources */ = {
			isa = PBXSourcesBuildPhase;
			buildActionMask = 2147483647;
			files = (
				D00DA5DF2060350800FB04F1 /* ViewController.swift in Sources */,
				D00DA5DD2060350800FB04F1 /* AppDelegate.swift in Sources */,
				D00DA5FF2060352B00FB04F1 /* SQLClient.m in Sources */,
			);
			runOnlyForDeploymentPostprocessing = 0;
		};
/* End PBXSourcesBuildPhase section */

/* Begin PBXVariantGroup section */
		D00DA5E02060350800FB04F1 /* Main.storyboard */ = {
			isa = PBXVariantGroup;
			children = (
				D00DA5E12060350800FB04F1 /* Base */,
			);
			name = Main.storyboard;
			sourceTree = "<group>";
		};
		D00DA5E52060350A00FB04F1 /* LaunchScreen.storyboard */ = {
			isa = PBXVariantGroup;
			children = (
				D00DA5E62060350A00FB04F1 /* Base */,
			);
			name = LaunchScreen.storyboard;
			sourceTree = "<group>";
		};
/* End PBXVariantGroup section */

/* Begin XCBuildConfiguration section */
		D00DA5E92060350A00FB04F1 /* Debug */ = {
			isa = XCBuildConfiguration;
			buildSettings = {
				ALWAYS_SEARCH_USER_PATHS = NO;
				CLANG_ANALYZER_NONNULL = YES;
				CLANG_ANALYZER_NUMBER_OBJECT_CONVERSION = YES_AGGRESSIVE;
				CLANG_CXX_LANGUAGE_STANDARD = "gnu++14";
				CLANG_CXX_LIBRARY = "libc++";
				CLANG_ENABLE_MODULES = YES;
				CLANG_ENABLE_OBJC_ARC = YES;
				CLANG_ENABLE_OBJC_WEAK = YES;
				CLANG_WARN_BLOCK_CAPTURE_AUTORELEASING = YES;
				CLANG_WARN_BOOL_CONVERSION = YES;
				CLANG_WARN_COMMA = YES;
				CLANG_WARN_CONSTANT_CONVERSION = YES;
				CLANG_WARN_DEPRECATED_OBJC_IMPLEMENTATIONS = YES;
				CLANG_WARN_DIRECT_OBJC_ISA_USAGE = YES_ERROR;
				CLANG_WARN_DOCUMENTATION_COMMENTS = YES;
				CLANG_WARN_EMPTY_BODY = YES;
				CLANG_WARN_ENUM_CONVERSION = YES;
				CLANG_WARN_INFINITE_RECURSION = YES;
				CLANG_WARN_INT_CONVERSION = YES;
				CLANG_WARN_NON_LITERAL_NULL_CONVERSION = YES;
				CLANG_WARN_OBJC_IMPLICIT_RETAIN_SELF = YES;
				CLANG_WARN_OBJC_LITERAL_CONVERSION = YES;
				CLANG_WARN_OBJC_ROOT_CLASS = YES_ERROR;
				CLANG_WARN_RANGE_LOOP_ANALYSIS = YES;
				CLANG_WARN_STRICT_PROTOTYPES = YES;
				CLANG_WARN_SUSPICIOUS_MOVE = YES;
				CLANG_WARN_UNGUARDED_AVAILABILITY = YES_AGGRESSIVE;
				CLANG_WARN_UNREACHABLE_CODE = YES;
				CLANG_WARN__DUPLICATE_METHOD_MATCH = YES;
				CODE_SIGN_IDENTITY = "iPhone Developer";
				COPY_PHASE_STRIP = NO;
				DEBUG_INFORMATION_FORMAT = dwarf;
				ENABLE_STRICT_OBJC_MSGSEND = YES;
				ENABLE_TESTABILITY = YES;
				GCC_C_LANGUAGE_STANDARD = gnu11;
				GCC_DYNAMIC_NO_PIC = NO;
				GCC_NO_COMMON_BLOCKS = YES;
				GCC_OPTIMIZATION_LEVEL = 0;
				GCC_PREPROCESSOR_DEFINITIONS = (
					"DEBUG=1",
					"$(inherited)",
				);
				GCC_WARN_64_TO_32_BIT_CONVERSION = YES;
				GCC_WARN_ABOUT_RETURN_TYPE = YES_ERROR;
				GCC_WARN_UNDECLARED_SELECTOR = YES;
				GCC_WARN_UNINITIALIZED_AUTOS = YES_AGGRESSIVE;
				GCC_WARN_UNUSED_FUNCTION = YES;
				GCC_WARN_UNUSED_VARIABLE = YES;
				IPHONEOS_DEPLOYMENT_TARGET = 11.3;
				MTL_ENABLE_DEBUG_INFO = YES;
				ONLY_ACTIVE_ARCH = YES;
				SDKROOT = iphoneos;
				SWIFT_ACTIVE_COMPILATION_CONDITIONS = DEBUG;
				SWIFT_OPTIMIZATION_LEVEL = "-Onone";
			};
			name = Debug;
		};
		D00DA5EA2060350A00FB04F1 /* Release */ = {
			isa = XCBuildConfiguration;
			buildSettings = {
				ALWAYS_SEARCH_USER_PATHS = NO;
				CLANG_ANALYZER_NONNULL = YES;
				CLANG_ANALYZER_NUMBER_OBJECT_CONVERSION = YES_AGGRESSIVE;
				CLANG_CXX_LANGUAGE_STANDARD = "gnu++14";
				CLANG_CXX_LIBRARY = "libc++";
				CLANG_ENABLE_MODULES = YES;
				CLANG_ENABLE_OBJC_ARC = YES;
				CLANG_ENABLE_OBJC_WEAK = YES;
				CLANG_WARN_BLOCK_CAPTURE_AUTORELEASING = YES;
				CLANG_WARN_BOOL_CONVERSION = YES;
				CLANG_WARN_COMMA = YES;
				CLANG_WARN_CONSTANT_CONVERSION = YES;
				CLANG_WARN_DEPRECATED_OBJC_IMPLEMENTATIONS = YES;
				CLANG_WARN_DIRECT_OBJC_ISA_USAGE = YES_ERROR;
				CLANG_WARN_DOCUMENTATION_COMMENTS = YES;
				CLANG_WARN_EMPTY_BODY = YES;
				CLANG_WARN_ENUM_CONVERSION = YES;
				CLANG_WARN_INFINITE_RECURSION = YES;
				CLANG_WARN_INT_CONVERSION = YES;
				CLANG_WARN_NON_LITERAL_NULL_CONVERSION = YES;
				CLANG_WARN_OBJC_IMPLICIT_RETAIN_SELF = YES;
				CLANG_WARN_OBJC_LITERAL_CONVERSION = YES;
				CLANG_WARN_OBJC_ROOT_CLASS = YES_ERROR;
				CLANG_WARN_RANGE_LOOP_ANALYSIS = YES;
				CLANG_WARN_STRICT_PROTOTYPES = YES;
				CLANG_WARN_SUSPICIOUS_MOVE = YES;
				CLANG_WARN_UNGUARDED_AVAILABILITY = YES_AGGRESSIVE;
				CLANG_WARN_UNREACHABLE_CODE = YES;
				CLANG_WARN__DUPLICATE_METHOD_MATCH = YES;
				CODE_SIGN_IDENTITY = "iPhone Developer";
				COPY_PHASE_STRIP = NO;
				DEBUG_INFORMATION_FORMAT = "dwarf-with-dsym";
				ENABLE_NS_ASSERTIONS = NO;
				ENABLE_STRICT_OBJC_MSGSEND = YES;
				GCC_C_LANGUAGE_STANDARD = gnu11;
				GCC_NO_COMMON_BLOCKS = YES;
				GCC_WARN_64_TO_32_BIT_CONVERSION = YES;
				GCC_WARN_ABOUT_RETURN_TYPE = YES_ERROR;
				GCC_WARN_UNDECLARED_SELECTOR = YES;
				GCC_WARN_UNINITIALIZED_AUTOS = YES_AGGRESSIVE;
				GCC_WARN_UNUSED_FUNCTION = YES;
				GCC_WARN_UNUSED_VARIABLE = YES;
				IPHONEOS_DEPLOYMENT_TARGET = 11.3;
				MTL_ENABLE_DEBUG_INFO = NO;
				SDKROOT = iphoneos;
				SWIFT_COMPILATION_MODE = wholemodule;
				SWIFT_OPTIMIZATION_LEVEL = "-O";
				VALIDATE_PRODUCT = YES;
			};
			name = Release;
		};
		D00DA5EC2060350A00FB04F1 /* Debug */ = {
			isa = XCBuildConfiguration;
			buildSettings = {
				ASSETCATALOG_COMPILER_APPICON_NAME = AppIcon;
				CLANG_ENABLE_MODULES = YES;
				CODE_SIGN_STYLE = Automatic;
				DEVELOPMENT_TEAM = 6ERBYWK7RA;
				INFOPLIST_FILE = SQLTestApp/Info.plist;
				LD_RUNPATH_SEARCH_PATHS = (
					"$(inherited)",
					"@executable_path/Frameworks",
				);
				LIBRARY_SEARCH_PATHS = (
					"$(inherited)",
					"$(PROJECT_DIR)/SQLTestApp/SQLClient",
				);
				PRODUCT_BUNDLE_IDENTIFIER = io.pfriedrich.SQLTestApp;
				PRODUCT_NAME = "$(TARGET_NAME)";
				SWIFT_OBJC_BRIDGING_HEADER = "SQLTestApp/SQLClient/SQLTestApp-Bridging-Header.h";
				SWIFT_OPTIMIZATION_LEVEL = "-Onone";
				SWIFT_VERSION = 4.0;
				TARGETED_DEVICE_FAMILY = "1,2";
			};
			name = Debug;
		};
		D00DA5ED2060350A00FB04F1 /* Release */ = {
			isa = XCBuildConfiguration;
			buildSettings = {
				ASSETCATALOG_COMPILER_APPICON_NAME = AppIcon;
				CLANG_ENABLE_MODULES = YES;
				CODE_SIGN_STYLE = Automatic;
				DEVELOPMENT_TEAM = 6ERBYWK7RA;
				INFOPLIST_FILE = SQLTestApp/Info.plist;
				LD_RUNPATH_SEARCH_PATHS = (
					"$(inherited)",
					"@executable_path/Frameworks",
				);
				LIBRARY_SEARCH_PATHS = (
					"$(inherited)",
					"$(PROJECT_DIR)/SQLTestApp/SQLClient",
				);
				PRODUCT_BUNDLE_IDENTIFIER = io.pfriedrich.SQLTestApp;
				PRODUCT_NAME = "$(TARGET_NAME)";
				SWIFT_OBJC_BRIDGING_HEADER = "SQLTestApp/SQLClient/SQLTestApp-Bridging-Header.h";
				SWIFT_VERSION = 4.0;
				TARGETED_DEVICE_FAMILY = "1,2";
			};
			name = Release;
		};
/* End XCBuildConfiguration section */

/* Begin XCConfigurationList section */
		D00DA5D42060350800FB04F1 /* Build configuration list for PBXProject "SQLTestApp" */ = {
			isa = XCConfigurationList;
			buildConfigurations = (
				D00DA5E92060350A00FB04F1 /* Debug */,
				D00DA5EA2060350A00FB04F1 /* Release */,
			);
			defaultConfigurationIsVisible = 0;
			defaultConfigurationName = Release;
		};
		D00DA5EB2060350A00FB04F1 /* Build configuration list for PBXNativeTarget "SQLTestApp" */ = {
			isa = XCConfigurationList;
			buildConfigurations = (
				D00DA5EC2060350A00FB04F1 /* Debug */,
				D00DA5ED2060350A00FB04F1 /* Release */,
			);
			defaultConfigurationIsVisible = 0;
			defaultConfigurationName = Release;
		};
/* End XCConfigurationList section */
	};
	rootObject = D00DA5D12060350800FB04F1 /* Project object */;
}
